// !$*UTF8*$!
{
	archiveVersion = 1;
	classes = {
	};
	objectVersion = 55;
	objects = {

/* Begin PBXBuildFile section */
		90407992289C49D100D967F9 /* AppDelegate.swift in Sources */ = {isa = PBXBuildFile; fileRef = 90407991289C49D100D967F9 /* AppDelegate.swift */; };
		90407994289C49D100D967F9 /* SceneDelegate.swift in Sources */ = {isa = PBXBuildFile; fileRef = 90407993289C49D100D967F9 /* SceneDelegate.swift */; };
		90407996289C49D100D967F9 /* ViewController.swift in Sources */ = {isa = PBXBuildFile; fileRef = 90407995289C49D100D967F9 /* ViewController.swift */; };
		90407999289C49D100D967F9 /* Main.storyboard in Resources */ = {isa = PBXBuildFile; fileRef = 90407997289C49D100D967F9 /* Main.storyboard */; };
		9040799C289C49D100D967F9 /* SpaceX_Launches.xcdatamodeld in Sources */ = {isa = PBXBuildFile; fileRef = 9040799A289C49D100D967F9 /* SpaceX_Launches.xcdatamodeld */; };
		9040799E289C49D300D967F9 /* Assets.xcassets in Resources */ = {isa = PBXBuildFile; fileRef = 9040799D289C49D300D967F9 /* Assets.xcassets */; };
		904079A1289C49D300D967F9 /* LaunchScreen.storyboard in Resources */ = {isa = PBXBuildFile; fileRef = 9040799F289C49D300D967F9 /* LaunchScreen.storyboard */; };
		904079AC289C49D300D967F9 /* SpaceX_LaunchesTests.swift in Sources */ = {isa = PBXBuildFile; fileRef = 904079AB289C49D300D967F9 /* SpaceX_LaunchesTests.swift */; };
		904079B6289C49D300D967F9 /* SpaceX_LaunchesUITests.swift in Sources */ = {isa = PBXBuildFile; fileRef = 904079B5289C49D300D967F9 /* SpaceX_LaunchesUITests.swift */; };
		904079B8289C49D300D967F9 /* SpaceX_LaunchesUITestsLaunchTests.swift in Sources */ = {isa = PBXBuildFile; fileRef = 904079B7289C49D300D967F9 /* SpaceX_LaunchesUITestsLaunchTests.swift */; };
		904079C528A045E400D967F9 /* launch.json in Resources */ = {isa = PBXBuildFile; fileRef = 904079C428A045E400D967F9 /* launch.json */; };
		904079CD28A17BFD00D967F9 /* Launch.swift in Sources */ = {isa = PBXBuildFile; fileRef = 904079CC28A17BFD00D967F9 /* Launch.swift */; };
		904079CF28A2039700D967F9 /* LaunchCollectionViewCell.swift in Sources */ = {isa = PBXBuildFile; fileRef = 904079CE28A2039700D967F9 /* LaunchCollectionViewCell.swift */; };
		904079D128A2040600D967F9 /* LaunchViewController.swift in Sources */ = {isa = PBXBuildFile; fileRef = 904079D028A2040600D967F9 /* LaunchViewController.swift */; };
		904079D328A4363800D967F9 /* LaunchDetailViewController.swift in Sources */ = {isa = PBXBuildFile; fileRef = 904079D228A4363800D967F9 /* LaunchDetailViewController.swift */; };
		9070517B28AC506500D51EB5 /* customer.json in Resources */ = {isa = PBXBuildFile; fileRef = 9070517A28AC506500D51EB5 /* customer.json */; };
/* End PBXBuildFile section */

/* Begin PBXContainerItemProxy section */
		904079A8289C49D300D967F9 /* PBXContainerItemProxy */ = {
			isa = PBXContainerItemProxy;
			containerPortal = 90407986289C49D100D967F9 /* Project object */;
			proxyType = 1;
			remoteGlobalIDString = 9040798D289C49D100D967F9;
			remoteInfo = "SpaceX Launches";
		};
		904079B2289C49D300D967F9 /* PBXContainerItemProxy */ = {
			isa = PBXContainerItemProxy;
			containerPortal = 90407986289C49D100D967F9 /* Project object */;
			proxyType = 1;
			remoteGlobalIDString = 9040798D289C49D100D967F9;
			remoteInfo = "SpaceX Launches";
		};
/* End PBXContainerItemProxy section */

/* Begin PBXFileReference section */
		9040798E289C49D100D967F9 /* SpaceX Launches.app */ = {isa = PBXFileReference; explicitFileType = wrapper.application; includeInIndex = 0; path = "SpaceX Launches.app"; sourceTree = BUILT_PRODUCTS_DIR; };
		90407991289C49D100D967F9 /* AppDelegate.swift */ = {isa = PBXFileReference; lastKnownFileType = sourcecode.swift; path = AppDelegate.swift; sourceTree = "<group>"; };
		90407993289C49D100D967F9 /* SceneDelegate.swift */ = {isa = PBXFileReference; lastKnownFileType = sourcecode.swift; path = SceneDelegate.swift; sourceTree = "<group>"; };
		90407995289C49D100D967F9 /* ViewController.swift */ = {isa = PBXFileReference; lastKnownFileType = sourcecode.swift; path = ViewController.swift; sourceTree = "<group>"; };
		90407998289C49D100D967F9 /* Base */ = {isa = PBXFileReference; lastKnownFileType = file.storyboard; name = Base; path = Base.lproj/Main.storyboard; sourceTree = "<group>"; };
		9040799B289C49D100D967F9 /* SpaceX_Launches.xcdatamodel */ = {isa = PBXFileReference; lastKnownFileType = wrapper.xcdatamodel; path = SpaceX_Launches.xcdatamodel; sourceTree = "<group>"; };
		9040799D289C49D300D967F9 /* Assets.xcassets */ = {isa = PBXFileReference; lastKnownFileType = folder.assetcatalog; path = Assets.xcassets; sourceTree = "<group>"; };
		904079A0289C49D300D967F9 /* Base */ = {isa = PBXFileReference; lastKnownFileType = file.storyboard; name = Base; path = Base.lproj/LaunchScreen.storyboard; sourceTree = "<group>"; };
		904079A2289C49D300D967F9 /* Info.plist */ = {isa = PBXFileReference; lastKnownFileType = text.plist.xml; path = Info.plist; sourceTree = "<group>"; };
		904079A7289C49D300D967F9 /* SpaceX LaunchesTests.xctest */ = {isa = PBXFileReference; explicitFileType = wrapper.cfbundle; includeInIndex = 0; path = "SpaceX LaunchesTests.xctest"; sourceTree = BUILT_PRODUCTS_DIR; };
		904079AB289C49D300D967F9 /* SpaceX_LaunchesTests.swift */ = {isa = PBXFileReference; lastKnownFileType = sourcecode.swift; path = SpaceX_LaunchesTests.swift; sourceTree = "<group>"; };
		904079B1289C49D300D967F9 /* SpaceX LaunchesUITests.xctest */ = {isa = PBXFileReference; explicitFileType = wrapper.cfbundle; includeInIndex = 0; path = "SpaceX LaunchesUITests.xctest"; sourceTree = BUILT_PRODUCTS_DIR; };
		904079B5289C49D300D967F9 /* SpaceX_LaunchesUITests.swift */ = {isa = PBXFileReference; lastKnownFileType = sourcecode.swift; path = SpaceX_LaunchesUITests.swift; sourceTree = "<group>"; };
		904079B7289C49D300D967F9 /* SpaceX_LaunchesUITestsLaunchTests.swift */ = {isa = PBXFileReference; lastKnownFileType = sourcecode.swift; path = SpaceX_LaunchesUITestsLaunchTests.swift; sourceTree = "<group>"; };
		904079C428A045E400D967F9 /* launch.json */ = {isa = PBXFileReference; fileEncoding = 4; lastKnownFileType = text.json; path = launch.json; sourceTree = "<group>"; };
		904079CC28A17BFD00D967F9 /* Launch.swift */ = {isa = PBXFileReference; lastKnownFileType = sourcecode.swift; path = Launch.swift; sourceTree = "<group>"; };
		904079CE28A2039700D967F9 /* LaunchCollectionViewCell.swift */ = {isa = PBXFileReference; lastKnownFileType = sourcecode.swift; path = LaunchCollectionViewCell.swift; sourceTree = "<group>"; };
		904079D028A2040600D967F9 /* LaunchViewController.swift */ = {isa = PBXFileReference; lastKnownFileType = sourcecode.swift; path = LaunchViewController.swift; sourceTree = "<group>"; };
		904079D228A4363800D967F9 /* LaunchDetailViewController.swift */ = {isa = PBXFileReference; lastKnownFileType = sourcecode.swift; path = LaunchDetailViewController.swift; sourceTree = "<group>"; };
		9070517A28AC506500D51EB5 /* customer.json */ = {isa = PBXFileReference; fileEncoding = 4; lastKnownFileType = text.json; path = customer.json; sourceTree = "<group>"; };
/* End PBXFileReference section */

/* Begin PBXFrameworksBuildPhase section */
		9040798B289C49D100D967F9 /* Frameworks */ = {
			isa = PBXFrameworksBuildPhase;
			buildActionMask = 2147483647;
			files = (
			);
			runOnlyForDeploymentPostprocessing = 0;
		};
		904079A4289C49D300D967F9 /* Frameworks */ = {
			isa = PBXFrameworksBuildPhase;
			buildActionMask = 2147483647;
			files = (
			);
			runOnlyForDeploymentPostprocessing = 0;
		};
		904079AE289C49D300D967F9 /* Frameworks */ = {
			isa = PBXFrameworksBuildPhase;
			buildActionMask = 2147483647;
			files = (
			);
			runOnlyForDeploymentPostprocessing = 0;
		};
/* End PBXFrameworksBuildPhase section */

/* Begin PBXGroup section */
		90407985289C49D100D967F9 = {
			isa = PBXGroup;
			children = (
				90407990289C49D100D967F9 /* SpaceX Launches */,
				904079AA289C49D300D967F9 /* SpaceX LaunchesTests */,
				904079B4289C49D300D967F9 /* SpaceX LaunchesUITests */,
				9040798F289C49D100D967F9 /* Products */,
			);
			sourceTree = "<group>";
		};
		9040798F289C49D100D967F9 /* Products */ = {
			isa = PBXGroup;
			children = (
				9040798E289C49D100D967F9 /* SpaceX Launches.app */,
				904079A7289C49D300D967F9 /* SpaceX LaunchesTests.xctest */,
				904079B1289C49D300D967F9 /* SpaceX LaunchesUITests.xctest */,
			);
			name = Products;
			sourceTree = "<group>";
		};
		90407990289C49D100D967F9 /* SpaceX Launches */ = {
			isa = PBXGroup;
			children = (
				90407991289C49D100D967F9 /* AppDelegate.swift */,
				90407993289C49D100D967F9 /* SceneDelegate.swift */,
				90407995289C49D100D967F9 /* ViewController.swift */,
				904079CC28A17BFD00D967F9 /* Launch.swift */,
				904079D028A2040600D967F9 /* LaunchViewController.swift */,
				904079D228A4363800D967F9 /* LaunchDetailViewController.swift */,
				904079CE28A2039700D967F9 /* LaunchCollectionViewCell.swift */,
				904079C428A045E400D967F9 /* launch.json */,
				9070517A28AC506500D51EB5 /* customer.json */,
				90407997289C49D100D967F9 /* Main.storyboard */,
				9040799D289C49D300D967F9 /* Assets.xcassets */,
				9040799F289C49D300D967F9 /* LaunchScreen.storyboard */,
				904079A2289C49D300D967F9 /* Info.plist */,
				9040799A289C49D100D967F9 /* SpaceX_Launches.xcdatamodeld */,
			);
			path = "SpaceX Launches";
			sourceTree = "<group>";
		};
		904079AA289C49D300D967F9 /* SpaceX LaunchesTests */ = {
			isa = PBXGroup;
			children = (
				904079AB289C49D300D967F9 /* SpaceX_LaunchesTests.swift */,
			);
			path = "SpaceX LaunchesTests";
			sourceTree = "<group>";
		};
		904079B4289C49D300D967F9 /* SpaceX LaunchesUITests */ = {
			isa = PBXGroup;
			children = (
				904079B5289C49D300D967F9 /* SpaceX_LaunchesUITests.swift */,
				904079B7289C49D300D967F9 /* SpaceX_LaunchesUITestsLaunchTests.swift */,
			);
			path = "SpaceX LaunchesUITests";
			sourceTree = "<group>";
		};
/* End PBXGroup section */

/* Begin PBXNativeTarget section */
		9040798D289C49D100D967F9 /* SpaceX Launches */ = {
			isa = PBXNativeTarget;
			buildConfigurationList = 904079BB289C49D300D967F9 /* Build configuration list for PBXNativeTarget "SpaceX Launches" */;
			buildPhases = (
				9040798A289C49D100D967F9 /* Sources */,
				9040798B289C49D100D967F9 /* Frameworks */,
				9040798C289C49D100D967F9 /* Resources */,
			);
			buildRules = (
			);
			dependencies = (
			);
			name = "SpaceX Launches";
			productName = "SpaceX Launches";
			productReference = 9040798E289C49D100D967F9 /* SpaceX Launches.app */;
			productType = "com.apple.product-type.application";
		};
		904079A6289C49D300D967F9 /* SpaceX LaunchesTests */ = {
			isa = PBXNativeTarget;
			buildConfigurationList = 904079BE289C49D300D967F9 /* Build configuration list for PBXNativeTarget "SpaceX LaunchesTests" */;
			buildPhases = (
				904079A3289C49D300D967F9 /* Sources */,
				904079A4289C49D300D967F9 /* Frameworks */,
				904079A5289C49D300D967F9 /* Resources */,
			);
			buildRules = (
			);
			dependencies = (
				904079A9289C49D300D967F9 /* PBXTargetDependency */,
			);
			name = "SpaceX LaunchesTests";
			productName = "SpaceX LaunchesTests";
			productReference = 904079A7289C49D300D967F9 /* SpaceX LaunchesTests.xctest */;
			productType = "com.apple.product-type.bundle.unit-test";
		};
		904079B0289C49D300D967F9 /* SpaceX LaunchesUITests */ = {
			isa = PBXNativeTarget;
			buildConfigurationList = 904079C1289C49D300D967F9 /* Build configuration list for PBXNativeTarget "SpaceX LaunchesUITests" */;
			buildPhases = (
				904079AD289C49D300D967F9 /* Sources */,
				904079AE289C49D300D967F9 /* Frameworks */,
				904079AF289C49D300D967F9 /* Resources */,
			);
			buildRules = (
			);
			dependencies = (
				904079B3289C49D300D967F9 /* PBXTargetDependency */,
			);
			name = "SpaceX LaunchesUITests";
			productName = "SpaceX LaunchesUITests";
			productReference = 904079B1289C49D300D967F9 /* SpaceX LaunchesUITests.xctest */;
			productType = "com.apple.product-type.bundle.ui-testing";
		};
/* End PBXNativeTarget section */

/* Begin PBXProject section */
		90407986289C49D100D967F9 /* Project object */ = {
			isa = PBXProject;
			attributes = {
				BuildIndependentTargetsInParallel = 1;
				LastSwiftUpdateCheck = 1340;
				LastUpgradeCheck = 1340;
				TargetAttributes = {
					9040798D289C49D100D967F9 = {
						CreatedOnToolsVersion = 13.4;
					};
					904079A6289C49D300D967F9 = {
						CreatedOnToolsVersion = 13.4;
						TestTargetID = 9040798D289C49D100D967F9;
					};
					904079B0289C49D300D967F9 = {
						CreatedOnToolsVersion = 13.4;
						TestTargetID = 9040798D289C49D100D967F9;
					};
				};
			};
			buildConfigurationList = 90407989289C49D100D967F9 /* Build configuration list for PBXProject "SpaceX Launches" */;
			compatibilityVersion = "Xcode 13.0";
			developmentRegion = en;
			hasScannedForEncodings = 0;
			knownRegions = (
				en,
				Base,
			);
			mainGroup = 90407985289C49D100D967F9;
			productRefGroup = 9040798F289C49D100D967F9 /* Products */;
			projectDirPath = "";
			projectRoot = "";
			targets = (
				9040798D289C49D100D967F9 /* SpaceX Launches */,
				904079A6289C49D300D967F9 /* SpaceX LaunchesTests */,
				904079B0289C49D300D967F9 /* SpaceX LaunchesUITests */,
			);
		};
/* End PBXProject section */

/* Begin PBXResourcesBuildPhase section */
		9040798C289C49D100D967F9 /* Resources */ = {
			isa = PBXResourcesBuildPhase;
			buildActionMask = 2147483647;
			files = (
				904079C528A045E400D967F9 /* launch.json in Resources */,
				9070517B28AC506500D51EB5 /* customer.json in Resources */,
				904079A1289C49D300D967F9 /* LaunchScreen.storyboard in Resources */,
				9040799E289C49D300D967F9 /* Assets.xcassets in Resources */,
				90407999289C49D100D967F9 /* Main.storyboard in Resources */,
			);
			runOnlyForDeploymentPostprocessing = 0;
		};
		904079A5289C49D300D967F9 /* Resources */ = {
			isa = PBXResourcesBuildPhase;
			buildActionMask = 2147483647;
			files = (
			);
			runOnlyForDeploymentPostprocessing = 0;
		};
		904079AF289C49D300D967F9 /* Resources */ = {
			isa = PBXResourcesBuildPhase;
			buildActionMask = 2147483647;
			files = (
			);
			runOnlyForDeploymentPostprocessing = 0;
		};
/* End PBXResourcesBuildPhase section */

/* Begin PBXSourcesBuildPhase section */
		9040798A289C49D100D967F9 /* Sources */ = {
			isa = PBXSourcesBuildPhase;
			buildActionMask = 2147483647;
			files = (
				904079D328A4363800D967F9 /* LaunchDetailViewController.swift in Sources */,
				90407996289C49D100D967F9 /* ViewController.swift in Sources */,
				90407992289C49D100D967F9 /* AppDelegate.swift in Sources */,
				904079CD28A17BFD00D967F9 /* Launch.swift in Sources */,
				904079CF28A2039700D967F9 /* LaunchCollectionViewCell.swift in Sources */,
				9040799C289C49D100D967F9 /* SpaceX_Launches.xcdatamodeld in Sources */,
				904079D128A2040600D967F9 /* LaunchViewController.swift in Sources */,
				90407994289C49D100D967F9 /* SceneDelegate.swift in Sources */,
			);
			runOnlyForDeploymentPostprocessing = 0;
		};
		904079A3289C49D300D967F9 /* Sources */ = {
			isa = PBXSourcesBuildPhase;
			buildActionMask = 2147483647;
			files = (
				904079AC289C49D300D967F9 /* SpaceX_LaunchesTests.swift in Sources */,
			);
			runOnlyForDeploymentPostprocessing = 0;
		};
		904079AD289C49D300D967F9 /* Sources */ = {
			isa = PBXSourcesBuildPhase;
			buildActionMask = 2147483647;
			files = (
				904079B6289C49D300D967F9 /* SpaceX_LaunchesUITests.swift in Sources */,
				904079B8289C49D300D967F9 /* SpaceX_LaunchesUITestsLaunchTests.swift in Sources */,
			);
			runOnlyForDeploymentPostprocessing = 0;
		};
/* End PBXSourcesBuildPhase section */

/* Begin PBXTargetDependency section */
		904079A9289C49D300D967F9 /* PBXTargetDependency */ = {
			isa = PBXTargetDependency;
			target = 9040798D289C49D100D967F9 /* SpaceX Launches */;
			targetProxy = 904079A8289C49D300D967F9 /* PBXContainerItemProxy */;
		};
		904079B3289C49D300D967F9 /* PBXTargetDependency */ = {
			isa = PBXTargetDependency;
			target = 9040798D289C49D100D967F9 /* SpaceX Launches */;
			targetProxy = 904079B2289C49D300D967F9 /* PBXContainerItemProxy */;
		};
/* End PBXTargetDependency section */

/* Begin PBXVariantGroup section */
		90407997289C49D100D967F9 /* Main.storyboard */ = {
			isa = PBXVariantGroup;
			children = (
				90407998289C49D100D967F9 /* Base */,
			);
			name = Main.storyboard;
			sourceTree = "<group>";
		};
		9040799F289C49D300D967F9 /* LaunchScreen.storyboard */ = {
			isa = PBXVariantGroup;
			children = (
				904079A0289C49D300D967F9 /* Base */,
			);
			name = LaunchScreen.storyboard;
			sourceTree = "<group>";
		};
/* End PBXVariantGroup section */

/* Begin XCBuildConfiguration section */
		904079B9289C49D300D967F9 /* Debug */ = {
			isa = XCBuildConfiguration;
			buildSettings = {
				ALWAYS_SEARCH_USER_PATHS = NO;
				CLANG_ANALYZER_NONNULL = YES;
				CLANG_ANALYZER_NUMBER_OBJECT_CONVERSION = YES_AGGRESSIVE;
				CLANG_CXX_LANGUAGE_STANDARD = "gnu++17";
				CLANG_ENABLE_MODULES = YES;
				CLANG_ENABLE_OBJC_ARC = YES;
				CLANG_ENABLE_OBJC_WEAK = YES;
				CLANG_WARN_BLOCK_CAPTURE_AUTORELEASING = YES;
				CLANG_WARN_BOOL_CONVERSION = YES;
				CLANG_WARN_COMMA = YES;
				CLANG_WARN_CONSTANT_CONVERSION = YES;
				CLANG_WARN_DEPRECATED_OBJC_IMPLEMENTATIONS = YES;
				CLANG_WARN_DIRECT_OBJC_ISA_USAGE = YES_ERROR;
				CLANG_WARN_DOCUMENTATION_COMMENTS = YES;
				CLANG_WARN_EMPTY_BODY = YES;
				CLANG_WARN_ENUM_CONVERSION = YES;
				CLANG_WARN_INFINITE_RECURSION = YES;
				CLANG_WARN_INT_CONVERSION = YES;
				CLANG_WARN_NON_LITERAL_NULL_CONVERSION = YES;
				CLANG_WARN_OBJC_IMPLICIT_RETAIN_SELF = YES;
				CLANG_WARN_OBJC_LITERAL_CONVERSION = YES;
				CLANG_WARN_OBJC_ROOT_CLASS = YES_ERROR;
				CLANG_WARN_QUOTED_INCLUDE_IN_FRAMEWORK_HEADER = YES;
				CLANG_WARN_RANGE_LOOP_ANALYSIS = YES;
				CLANG_WARN_STRICT_PROTOTYPES = YES;
				CLANG_WARN_SUSPICIOUS_MOVE = YES;
				CLANG_WARN_UNGUARDED_AVAILABILITY = YES_AGGRESSIVE;
				CLANG_WARN_UNREACHABLE_CODE = YES;
				CLANG_WARN__DUPLICATE_METHOD_MATCH = YES;
				COPY_PHASE_STRIP = NO;
				DEBUG_INFORMATION_FORMAT = dwarf;
				ENABLE_STRICT_OBJC_MSGSEND = YES;
				ENABLE_TESTABILITY = YES;
				GCC_C_LANGUAGE_STANDARD = gnu11;
				GCC_DYNAMIC_NO_PIC = NO;
				GCC_NO_COMMON_BLOCKS = YES;
				GCC_OPTIMIZATION_LEVEL = 0;
				GCC_PREPROCESSOR_DEFINITIONS = (
					"DEBUG=1",
					"$(inherited)",
				);
				GCC_WARN_64_TO_32_BIT_CONVERSION = YES;
				GCC_WARN_ABOUT_RETURN_TYPE = YES_ERROR;
				GCC_WARN_UNDECLARED_SELECTOR = YES;
				GCC_WARN_UNINITIALIZED_AUTOS = YES_AGGRESSIVE;
				GCC_WARN_UNUSED_FUNCTION = YES;
				GCC_WARN_UNUSED_VARIABLE = YES;
				IPHONEOS_DEPLOYMENT_TARGET = 15.5;
				MTL_ENABLE_DEBUG_INFO = INCLUDE_SOURCE;
				MTL_FAST_MATH = YES;
				ONLY_ACTIVE_ARCH = YES;
				SDKROOT = iphoneos;
				SWIFT_ACTIVE_COMPILATION_CONDITIONS = DEBUG;
				SWIFT_OPTIMIZATION_LEVEL = "-Onone";
			};
			name = Debug;
		};
		904079BA289C49D300D967F9 /* Release */ = {
			isa = XCBuildConfiguration;
			buildSettings = {
				ALWAYS_SEARCH_USER_PATHS = NO;
				CLANG_ANALYZER_NONNULL = YES;
				CLANG_ANALYZER_NUMBER_OBJECT_CONVERSION = YES_AGGRESSIVE;
				CLANG_CXX_LANGUAGE_STANDARD = "gnu++17";
				CLANG_ENABLE_MODULES = YES;
				CLANG_ENABLE_OBJC_ARC = YES;
				CLANG_ENABLE_OBJC_WEAK = YES;
				CLANG_WARN_BLOCK_CAPTURE_AUTORELEASING = YES;
				CLANG_WARN_BOOL_CONVERSION = YES;
				CLANG_WARN_COMMA = YES;
				CLANG_WARN_CONSTANT_CONVERSION = YES;
				CLANG_WARN_DEPRECATED_OBJC_IMPLEMENTATIONS = YES;
				CLANG_WARN_DIRECT_OBJC_ISA_USAGE = YES_ERROR;
				CLANG_WARN_DOCUMENTATION_COMMENTS = YES;
				CLANG_WARN_EMPTY_BODY = YES;
				CLANG_WARN_ENUM_CONVERSION = YES;
				CLANG_WARN_INFINITE_RECURSION = YES;
				CLANG_WARN_INT_CONVERSION = YES;
				CLANG_WARN_NON_LITERAL_NULL_CONVERSION = YES;
				CLANG_WARN_OBJC_IMPLICIT_RETAIN_SELF = YES;
				CLANG_WARN_OBJC_LITERAL_CONVERSION = YES;
				CLANG_WARN_OBJC_ROOT_CLASS = YES_ERROR;
				CLANG_WARN_QUOTED_INCLUDE_IN_FRAMEWORK_HEADER = YES;
				CLANG_WARN_RANGE_LOOP_ANALYSIS = YES;
				CLANG_WARN_STRICT_PROTOTYPES = YES;
				CLANG_WARN_SUSPICIOUS_MOVE = YES;
				CLANG_WARN_UNGUARDED_AVAILABILITY = YES_AGGRESSIVE;
				CLANG_WARN_UNREACHABLE_CODE = YES;
				CLANG_WARN__DUPLICATE_METHOD_MATCH = YES;
				COPY_PHASE_STRIP = NO;
				DEBUG_INFORMATION_FORMAT = "dwarf-with-dsym";
				ENABLE_NS_ASSERTIONS = NO;
				ENABLE_STRICT_OBJC_MSGSEND = YES;
				GCC_C_LANGUAGE_STANDARD = gnu11;
				GCC_NO_COMMON_BLOCKS = YES;
				GCC_WARN_64_TO_32_BIT_CONVERSION = YES;
				GCC_WARN_ABOUT_RETURN_TYPE = YES_ERROR;
				GCC_WARN_UNDECLARED_SELECTOR = YES;
				GCC_WARN_UNINITIALIZED_AUTOS = YES_AGGRESSIVE;
				GCC_WARN_UNUSED_FUNCTION = YES;
				GCC_WARN_UNUSED_VARIABLE = YES;
				IPHONEOS_DEPLOYMENT_TARGET = 15.5;
				MTL_ENABLE_DEBUG_INFO = NO;
				MTL_FAST_MATH = YES;
				SDKROOT = iphoneos;
				SWIFT_COMPILATION_MODE = wholemodule;
				SWIFT_OPTIMIZATION_LEVEL = "-O";
				VALIDATE_PRODUCT = YES;
			};
			name = Release;
		};
		904079BC289C49D300D967F9 /* Debug */ = {
			isa = XCBuildConfiguration;
			buildSettings = {
				ASSETCATALOG_COMPILER_APPICON_NAME = AppIcon;
				ASSETCATALOG_COMPILER_GLOBAL_ACCENT_COLOR_NAME = AccentColor;
				CODE_SIGN_STYLE = Automatic;
				CURRENT_PROJECT_VERSION = 1;
				DEVELOPMENT_TEAM = 35T7LUKJ28;
				GENERATE_INFOPLIST_FILE = YES;
				INFOPLIST_FILE = "SpaceX Launches/Info.plist";
				INFOPLIST_KEY_UIApplicationSupportsIndirectInputEvents = YES;
				INFOPLIST_KEY_UILaunchStoryboardName = LaunchScreen;
				INFOPLIST_KEY_UIMainStoryboardFile = Main;
				INFOPLIST_KEY_UISupportedInterfaceOrientations_iPad = "UIInterfaceOrientationPortrait UIInterfaceOrientationPortraitUpsideDown UIInterfaceOrientationLandscapeLeft UIInterfaceOrientationLandscapeRight";
				INFOPLIST_KEY_UISupportedInterfaceOrientations_iPhone = "UIInterfaceOrientationPortrait UIInterfaceOrientationLandscapeLeft UIInterfaceOrientationLandscapeRight";
				LD_RUNPATH_SEARCH_PATHS = (
					"$(inherited)",
					"@executable_path/Frameworks",
				);
				MARKETING_VERSION = 1.0;
				PRODUCT_BUNDLE_IDENTIFIER = "com.RhysJulian-Jones.SpaceX-Launches";
				PRODUCT_NAME = "$(TARGET_NAME)";
				SWIFT_EMIT_LOC_STRINGS = YES;
				SWIFT_VERSION = 5.0;
				TARGETED_DEVICE_FAMILY = "1,2";
			};
			name = Debug;
		};
		904079BD289C49D300D967F9 /* Release */ = {
			isa = XCBuildConfiguration;
			buildSettings = {
				ASSETCATALOG_COMPILER_APPICON_NAME = AppIcon;
				ASSETCATALOG_COMPILER_GLOBAL_ACCENT_COLOR_NAME = AccentColor;
				CODE_SIGN_STYLE = Automatic;
				CURRENT_PROJECT_VERSION = 1;
				DEVELOPMENT_TEAM = 35T7LUKJ28;
				GENERATE_INFOPLIST_FILE = YES;
				INFOPLIST_FILE = "SpaceX Launches/Info.plist";
				INFOPLIST_KEY_UIApplicationSupportsIndirectInputEvents = YES;
				INFOPLIST_KEY_UILaunchStoryboardName = LaunchScreen;
				INFOPLIST_KEY_UIMainStoryboardFile = Main;
				INFOPLIST_KEY_UISupportedInterfaceOrientations_iPad = "UIInterfaceOrientationPortrait UIInterfaceOrientationPortraitUpsideDown UIInterfaceOrientationLandscapeLeft UIInterfaceOrientationLandscapeRight";
				INFOPLIST_KEY_UISupportedInterfaceOrientations_iPhone = "UIInterfaceOrientationPortrait UIInterfaceOrientationLandscapeLeft UIInterfaceOrientationLandscapeRight";
				LD_RUNPATH_SEARCH_PATHS = (
					"$(inherited)",
					"@executable_path/Frameworks",
				);
				MARKETING_VERSION = 1.0;
				PRODUCT_BUNDLE_IDENTIFIER = "com.RhysJulian-Jones.SpaceX-Launches";
				PRODUCT_NAME = "$(TARGET_NAME)";
				SWIFT_EMIT_LOC_STRINGS = YES;
				SWIFT_VERSION = 5.0;
				TARGETED_DEVICE_FAMILY = "1,2";
			};
			name = Release;
		};
		904079BF289C49D300D967F9 /* Debug */ = {
			isa = XCBuildConfiguration;
			buildSettings = {
				ALWAYS_EMBED_SWIFT_STANDARD_LIBRARIES = YES;
				BUNDLE_LOADER = "$(TEST_HOST)";
				CODE_SIGN_STYLE = Automatic;
				CURRENT_PROJECT_VERSION = 1;
				DEVELOPMENT_TEAM = 35T7LUKJ28;
				GENERATE_INFOPLIST_FILE = YES;
				IPHONEOS_DEPLOYMENT_TARGET = 15.5;
				MARKETING_VERSION = 1.0;
				PRODUCT_BUNDLE_IDENTIFIER = "com.RhysJulian-Jones.SpaceX-LaunchesTests";
				PRODUCT_NAME = "$(TARGET_NAME)";
				SWIFT_EMIT_LOC_STRINGS = NO;
				SWIFT_VERSION = 5.0;
				TARGETED_DEVICE_FAMILY = "1,2";
				TEST_HOST = "$(BUILT_PRODUCTS_DIR)/SpaceX Launches.app/SpaceX Launches";
			};
			name = Debug;
		};
		904079C0289C49D300D967F9 /* Release */ = {
			isa = XCBuildConfiguration;
			buildSettings = {
				ALWAYS_EMBED_SWIFT_STANDARD_LIBRARIES = YES;
				BUNDLE_LOADER = "$(TEST_HOST)";
				CODE_SIGN_STYLE = Automatic;
				CURRENT_PROJECT_VERSION = 1;
				DEVELOPMENT_TEAM = 35T7LUKJ28;
				GENERATE_INFOPLIST_FILE = YES;
				IPHONEOS_DEPLOYMENT_TARGET = 15.5;
				MARKETING_VERSION = 1.0;
				PRODUCT_BUNDLE_IDENTIFIER = "com.RhysJulian-Jones.SpaceX-LaunchesTests";
				PRODUCT_NAME = "$(TARGET_NAME)";
				SWIFT_EMIT_LOC_STRINGS = NO;
				SWIFT_VERSION = 5.0;
				TARGETED_DEVICE_FAMILY = "1,2";
				TEST_HOST = "$(BUILT_PRODUCTS_DIR)/SpaceX Launches.app/SpaceX Launches";
			};
			name = Release;
		};
		904079C2289C49D300D967F9 /* Debug */ = {
			isa = XCBuildConfiguration;
			buildSettings = {
				ALWAYS_EMBED_SWIFT_STANDARD_LIBRARIES = YES;
				CODE_SIGN_STYLE = Automatic;
				CURRENT_PROJECT_VERSION = 1;
				DEVELOPMENT_TEAM = 35T7LUKJ28;
				GENERATE_INFOPLIST_FILE = YES;
				MARKETING_VERSION = 1.0;
				PRODUCT_BUNDLE_IDENTIFIER = "com.RhysJulian-Jones.SpaceX-LaunchesUITests";
				PRODUCT_NAME = "$(TARGET_NAME)";
				SWIFT_EMIT_LOC_STRINGS = NO;
				SWIFT_VERSION = 5.0;
				TARGETED_DEVICE_FAMILY = "1,2";
				TEST_TARGET_NAME = "SpaceX Launches";
			};
			name = Debug;
		};
		904079C3289C49D300D967F9 /* Release */ = {
			isa = XCBuildConfiguration;
			buildSettings = {
				ALWAYS_EMBED_SWIFT_STANDARD_LIBRARIES = YES;
				CODE_SIGN_STYLE = Automatic;
				CURRENT_PROJECT_VERSION = 1;
				DEVELOPMENT_TEAM = 35T7LUKJ28;
				GENERATE_INFOPLIST_FILE = YES;
				MARKETING_VERSION = 1.0;
				PRODUCT_BUNDLE_IDENTIFIER = "com.RhysJulian-Jones.SpaceX-LaunchesUITests";
				PRODUCT_NAME = "$(TARGET_NAME)";
				SWIFT_EMIT_LOC_STRINGS = NO;
				SWIFT_VERSION = 5.0;
				TARGETED_DEVICE_FAMILY = "1,2";
				TEST_TARGET_NAME = "SpaceX Launches";
			};
			name = Release;
		};
/* End XCBuildConfiguration section */

/* Begin XCConfigurationList section */
		90407989289C49D100D967F9 /* Build configuration list for PBXProject "SpaceX Launches" */ = {
			isa = XCConfigurationList;
			buildConfigurations = (
				904079B9289C49D300D967F9 /* Debug */,
				904079BA289C49D300D967F9 /* Release */,
			);
			defaultConfigurationIsVisible = 0;
			defaultConfigurationName = Release;
		};
		904079BB289C49D300D967F9 /* Build configuration list for PBXNativeTarget "SpaceX Launches" */ = {
			isa = XCConfigurationList;
			buildConfigurations = (
				904079BC289C49D300D967F9 /* Debug */,
				904079BD289C49D300D967F9 /* Release */,
			);
			defaultConfigurationIsVisible = 0;
			defaultConfigurationName = Release;
		};
		904079BE289C49D300D967F9 /* Build configuration list for PBXNativeTarget "SpaceX LaunchesTests" */ = {
			isa = XCConfigurationList;
			buildConfigurations = (
				904079BF289C49D300D967F9 /* Debug */,
				904079C0289C49D300D967F9 /* Release */,
			);
			defaultConfigurationIsVisible = 0;
			defaultConfigurationName = Release;
		};
		904079C1289C49D300D967F9 /* Build configuration list for PBXNativeTarget "SpaceX LaunchesUITests" */ = {
			isa = XCConfigurationList;
			buildConfigurations = (
				904079C2289C49D300D967F9 /* Debug */,
				904079C3289C49D300D967F9 /* Release */,
			);
			defaultConfigurationIsVisible = 0;
			defaultConfigurationName = Release;
		};
/* End XCConfigurationList section */

/* Begin XCVersionGroup section */
		9040799A289C49D100D967F9 /* SpaceX_Launches.xcdatamodeld */ = {
			isa = XCVersionGroup;
			children = (
				9040799B289C49D100D967F9 /* SpaceX_Launches.xcdatamodel */,
			);
			currentVersion = 9040799B289C49D100D967F9 /* SpaceX_Launches.xcdatamodel */;
			path = SpaceX_Launches.xcdatamodeld;
			sourceTree = "<group>";
			versionGroupType = wrapper.xcdatamodel;
		};
/* End XCVersionGroup section */
	};
	rootObject = 90407986289C49D100D967F9 /* Project object */;
}
